
Microsoft Visual Studio Solution File, Format Version 12.00
# Visual Studio Version 16
VisualStudioVersion = 16.0.28729.10
MinimumVisualStudioVersion = 10.0.40219.1
Project("{FAE04EC0-301F-11D3-BF4B-00C04F79EFBC}") = "KeLi.HelloLinq2Db.SQLite", "KeLi.HelloLinq2Db.SQLite\KeLi.HelloLinq2Db.SQLite.csproj", "{3FE884E3-A7E9-49C4-AA19-80656D8F460D}"
EndProject
Global
	GlobalSection(SolutionConfigurationPlatforms) = preSolution
		Debug|Any CPU = Debug|Any CPU
		Release|Any CPU = Release|Any CPU
	EndGlobalSection
	GlobalSection(ProjectConfigurationPlatforms) = postSolution
		{3FE884E3-A7E9-49C4-AA19-80656D8F460D}.Debug|Any CPU.ActiveCfg = Debug|Any CPU
		{3FE884E3-A7E9-49C4-AA19-80656D8F460D}.Debug|Any CPU.Build.0 = Debug|Any CPU
		{3FE884E3-A7E9-49C4-AA19-80656D8F460D}.Release|Any CPU.ActiveCfg = Release|Any CPU
		{3FE884E3-A7E9-49C4-AA19-80656D8F460D}.Release|Any CPU.Build.0 = Release|Any CPU
	EndGlobalSection
	GlobalSection(SolutionProperties) = preSolution
		HideSolutionNode = FALSE
	EndGlobalSection
	GlobalSection(ExtensibilityGlobals) = postSolution
		SolutionGuid = {EDA50CC8-322B-4D93-8BA4-DE425D269E09}
	EndGlobalSection
EndGlobal
